
Microsoft Visual Studio Solution File, Format Version 12.00
# Visual Studio Version 16
VisualStudioVersion = 16.0.30717.126
MinimumVisualStudioVersion = 10.0.40219.1
Project("{FAE04EC0-301F-11D3-BF4B-00C04F79EFBC}") = "EventManager", "EventManager\EventManager.csproj", "{66F58DE6-E79E-4919-A960-42B5E7D4AF90}"
EndProject
Global
	GlobalSection(SolutionConfigurationPlatforms) = preSolution
		Debug|Any CPU = Debug|Any CPU
		Release|Any CPU = Release|Any CPU
	EndGlobalSection
	GlobalSection(ProjectConfigurationPlatforms) = postSolution
		{66F58DE6-E79E-4919-A960-42B5E7D4AF90}.Debug|Any CPU.ActiveCfg = Debug|Any CPU
		{66F58DE6-E79E-4919-A960-42B5E7D4AF90}.Debug|Any CPU.Build.0 = Debug|Any CPU
		{66F58DE6-E79E-4919-A960-42B5E7D4AF90}.Release|Any CPU.ActiveCfg = Release|Any CPU
		{66F58DE6-E79E-4919-A960-42B5E7D4AF90}.Release|Any CPU.Build.0 = Release|Any CPU
	EndGlobalSection
	GlobalSection(SolutionProperties) = preSolution
		HideSolutionNode = FALSE
	EndGlobalSection
	GlobalSection(ExtensibilityGlobals) = postSolution
		SolutionGuid = {6B71045F-E8D7-4272-A08B-E0DF6BC1D650}
	EndGlobalSection
EndGlobal
